
Microsoft Visual Studio Solution File, Format Version 12.00
# Visual Studio Version 17
VisualStudioVersion = 17.4.33122.133
MinimumVisualStudioVersion = 10.0.40219.1
Project("{FAE04EC0-301F-11D3-BF4B-00C04F79EFBC}") = "Yeniser.Android", "Yeniser.Android\Yeniser.Android.csproj", "{E46AC055-CC32-45FC-8C86-82C2F764F7EE}"
EndProject
Project("{FAE04EC0-301F-11D3-BF4B-00C04F79EFBC}") = "Yeniser", "Yeniser\Yeniser.csproj", "{15B9C5B9-DA18-4C2B-B952-13E17DF2FBE5}"
EndProject
Global
	GlobalSection(SolutionConfigurationPlatforms) = preSolution
		Debug|Any CPU = Debug|Any CPU
		Release|Any CPU = Release|Any CPU
	EndGlobalSection
	GlobalSection(ProjectConfigurationPlatforms) = postSolution
		{E46AC055-CC32-45FC-8C86-82C2F764F7EE}.Debug|Any CPU.ActiveCfg = Debug|Any CPU
		{E46AC055-CC32-45FC-8C86-82C2F764F7EE}.Debug|Any CPU.Build.0 = Debug|Any CPU
		{E46AC055-CC32-45FC-8C86-82C2F764F7EE}.Debug|Any CPU.Deploy.0 = Debug|Any CPU
		{E46AC055-CC32-45FC-8C86-82C2F764F7EE}.Release|Any CPU.ActiveCfg = Release|Any CPU
		{E46AC055-CC32-45FC-8C86-82C2F764F7EE}.Release|Any CPU.Build.0 = Release|Any CPU
		{E46AC055-CC32-45FC-8C86-82C2F764F7EE}.Release|Any CPU.Deploy.0 = Release|Any CPU
		{15B9C5B9-DA18-4C2B-B952-13E17DF2FBE5}.Debug|Any CPU.ActiveCfg = Debug|Any CPU
		{15B9C5B9-DA18-4C2B-B952-13E17DF2FBE5}.Debug|Any CPU.Build.0 = Debug|Any CPU
		{15B9C5B9-DA18-4C2B-B952-13E17DF2FBE5}.Debug|Any CPU.Deploy.0 = Debug|Any CPU
		{15B9C5B9-DA18-4C2B-B952-13E17DF2FBE5}.Release|Any CPU.ActiveCfg = Release|Any CPU
		{15B9C5B9-DA18-4C2B-B952-13E17DF2FBE5}.Release|Any CPU.Build.0 = Release|Any CPU
		{15B9C5B9-DA18-4C2B-B952-13E17DF2FBE5}.Release|Any CPU.Deploy.0 = Release|Any CPU
	EndGlobalSection
	GlobalSection(SolutionProperties) = preSolution
		HideSolutionNode = FALSE
	EndGlobalSection
	GlobalSection(ExtensibilityGlobals) = postSolution
		SolutionGuid = {7348827A-DDEE-4CA7-9A96-BB3AAB535A4A}
	EndGlobalSection
EndGlobal
